
Microsoft Visual Studio Solution File, Format Version 12.00
# Visual Studio Version 16
VisualStudioVersion = 16.0.31205.134
MinimumVisualStudioVersion = 10.0.40219.1
Project("{9A19103F-16F7-4668-BE54-9A1E7A4F7556}") = "Novel.WebApp", "Novel.WebApp\Novel.WebApp.csproj", "{0EABBFB6-2E5E-48EA-95D1-499DEB8D6BCC}"
EndProject
Project("{2150E333-8FDC-42A3-9474-1A3956D46DE8}") = "0. Solution Items", "0. Solution Items", "{6C680833-641D-4619-94AE-3737CE9A9241}"
	ProjectSection(SolutionItems) = preProject
		README.md = README.md
	EndProjectSection
EndProject
Project("{9A19103F-16F7-4668-BE54-9A1E7A4F7556}") = "Novel.DAL", "Novel.DAL\Novel.DAL.csproj", "{13B0E063-197D-4622-ACB3-1E94B5F19CAA}"
EndProject
Project("{9A19103F-16F7-4668-BE54-9A1E7A4F7556}") = "Novel.Business", "Novel.Business\Novel.Business.csproj", "{5571CCF7-83A9-4752-8E68-516DCF558F00}"
EndProject
Project("{9A19103F-16F7-4668-BE54-9A1E7A4F7556}") = "Utilities", "Utilities\Utilities.csproj", "{73CDF195-EB37-480E-BF0D-53EC6B773748}"
EndProject
Project("{9A19103F-16F7-4668-BE54-9A1E7A4F7556}") = "Novel.ViewModels", "Novel.ViewModels\Novel.ViewModels.csproj", "{533096F4-4C75-4624-9CCD-B8C3C04D8A20}"
EndProject
Project("{9A19103F-16F7-4668-BE54-9A1E7A4F7556}") = "Novel.WebApi", "Novel.WebApi\Novel.WebApi.csproj", "{56FDD9E8-B72C-4D15-935D-153C15F9E6FE}"
EndProject
Project("{2150E333-8FDC-42A3-9474-1A3956D46DE8}") = "2. Domain", "2. Domain", "{048F19DE-CBD7-4041-8C29-3468B54DB82B}"
EndProject
Project("{2150E333-8FDC-42A3-9474-1A3956D46DE8}") = "1. Infractructure", "1. Infractructure", "{D8CD18C8-2ABD-46FD-9182-EBCD6FC01CD2}"
EndProject
Project("{2150E333-8FDC-42A3-9474-1A3956D46DE8}") = "3. Hosts", "3. Hosts", "{42F6F485-5E4A-4271-B2AC-28822BFFA86B}"
EndProject
Project("{FAE04EC0-301F-11D3-BF4B-00C04F79EFBC}") = "Novel.WebApp.Admin", "Novel.WebApp.Admin\Novel.WebApp.Admin.csproj", "{DD10C3AB-29EC-40CD-96E8-65D08224EA7B}"
EndProject
Global
	GlobalSection(SolutionConfigurationPlatforms) = preSolution
		Debug|Any CPU = Debug|Any CPU
		Release|Any CPU = Release|Any CPU
	EndGlobalSection
	GlobalSection(ProjectConfigurationPlatforms) = postSolution
		{0EABBFB6-2E5E-48EA-95D1-499DEB8D6BCC}.Debug|Any CPU.ActiveCfg = Debug|Any CPU
		{0EABBFB6-2E5E-48EA-95D1-499DEB8D6BCC}.Debug|Any CPU.Build.0 = Debug|Any CPU
		{0EABBFB6-2E5E-48EA-95D1-499DEB8D6BCC}.Release|Any CPU.ActiveCfg = Release|Any CPU
		{0EABBFB6-2E5E-48EA-95D1-499DEB8D6BCC}.Release|Any CPU.Build.0 = Release|Any CPU
		{13B0E063-197D-4622-ACB3-1E94B5F19CAA}.Debug|Any CPU.ActiveCfg = Debug|Any CPU
		{13B0E063-197D-4622-ACB3-1E94B5F19CAA}.Debug|Any CPU.Build.0 = Debug|Any CPU
		{13B0E063-197D-4622-ACB3-1E94B5F19CAA}.Release|Any CPU.ActiveCfg = Release|Any CPU
		{13B0E063-197D-4622-ACB3-1E94B5F19CAA}.Release|Any CPU.Build.0 = Release|Any CPU
		{5571CCF7-83A9-4752-8E68-516DCF558F00}.Debug|Any CPU.ActiveCfg = Debug|Any CPU
		{5571CCF7-83A9-4752-8E68-516DCF558F00}.Debug|Any CPU.Build.0 = Debug|Any CPU
		{5571CCF7-83A9-4752-8E68-516DCF558F00}.Release|Any CPU.ActiveCfg = Release|Any CPU
		{5571CCF7-83A9-4752-8E68-516DCF558F00}.Release|Any CPU.Build.0 = Release|Any CPU
		{73CDF195-EB37-480E-BF0D-53EC6B773748}.Debug|Any CPU.ActiveCfg = Debug|Any CPU
		{73CDF195-EB37-480E-BF0D-53EC6B773748}.Debug|Any CPU.Build.0 = Debug|Any CPU
		{73CDF195-EB37-480E-BF0D-53EC6B773748}.Release|Any CPU.ActiveCfg = Release|Any CPU
		{73CDF195-EB37-480E-BF0D-53EC6B773748}.Release|Any CPU.Build.0 = Release|Any CPU
		{533096F4-4C75-4624-9CCD-B8C3C04D8A20}.Debug|Any CPU.ActiveCfg = Debug|Any CPU
		{533096F4-4C75-4624-9CCD-B8C3C04D8A20}.Debug|Any CPU.Build.0 = Debug|Any CPU
		{533096F4-4C75-4624-9CCD-B8C3C04D8A20}.Release|Any CPU.ActiveCfg = Release|Any CPU
		{533096F4-4C75-4624-9CCD-B8C3C04D8A20}.Release|Any CPU.Build.0 = Release|Any CPU
		{56FDD9E8-B72C-4D15-935D-153C15F9E6FE}.Debug|Any CPU.ActiveCfg = Debug|Any CPU
		{56FDD9E8-B72C-4D15-935D-153C15F9E6FE}.Debug|Any CPU.Build.0 = Debug|Any CPU
		{56FDD9E8-B72C-4D15-935D-153C15F9E6FE}.Release|Any CPU.ActiveCfg = Release|Any CPU
		{56FDD9E8-B72C-4D15-935D-153C15F9E6FE}.Release|Any CPU.Build.0 = Release|Any CPU
		{DD10C3AB-29EC-40CD-96E8-65D08224EA7B}.Debug|Any CPU.ActiveCfg = Debug|Any CPU
		{DD10C3AB-29EC-40CD-96E8-65D08224EA7B}.Debug|Any CPU.Build.0 = Debug|Any CPU
		{DD10C3AB-29EC-40CD-96E8-65D08224EA7B}.Release|Any CPU.ActiveCfg = Release|Any CPU
		{DD10C3AB-29EC-40CD-96E8-65D08224EA7B}.Release|Any CPU.Build.0 = Release|Any CPU
	EndGlobalSection
	GlobalSection(SolutionProperties) = preSolution
		HideSolutionNode = FALSE
	EndGlobalSection
	GlobalSection(NestedProjects) = preSolution
		{0EABBFB6-2E5E-48EA-95D1-499DEB8D6BCC} = {42F6F485-5E4A-4271-B2AC-28822BFFA86B}
		{13B0E063-197D-4622-ACB3-1E94B5F19CAA} = {048F19DE-CBD7-4041-8C29-3468B54DB82B}
		{5571CCF7-83A9-4752-8E68-516DCF558F00} = {048F19DE-CBD7-4041-8C29-3468B54DB82B}
		{73CDF195-EB37-480E-BF0D-53EC6B773748} = {D8CD18C8-2ABD-46FD-9182-EBCD6FC01CD2}
		{533096F4-4C75-4624-9CCD-B8C3C04D8A20} = {D8CD18C8-2ABD-46FD-9182-EBCD6FC01CD2}
		{56FDD9E8-B72C-4D15-935D-153C15F9E6FE} = {42F6F485-5E4A-4271-B2AC-28822BFFA86B}
		{DD10C3AB-29EC-40CD-96E8-65D08224EA7B} = {42F6F485-5E4A-4271-B2AC-28822BFFA86B}
	EndGlobalSection
	GlobalSection(ExtensibilityGlobals) = postSolution
		SolutionGuid = {656E84AC-64C0-4ED8-9EA6-1CE91590AE8A}
	EndGlobalSection
EndGlobal
